// !$*UTF8*$!
{
	archiveVersion = 1;
	classes = {
	};
	objectVersion = 46;
	objects = {

/* Begin PBXBuildFile section */
		9C9304881BFB65F200DEE990 /* AppDelegate.swift in Sources */ = {isa = PBXBuildFile; fileRef = 9C9304871BFB65F200DEE990 /* AppDelegate.swift */; };
		9C93048A1BFB65F200DEE990 /* ViewController.swift in Sources */ = {isa = PBXBuildFile; fileRef = 9C9304891BFB65F200DEE990 /* ViewController.swift */; };
		9C93048D1BFB65F200DEE990 /* Main.storyboard in Resources */ = {isa = PBXBuildFile; fileRef = 9C93048B1BFB65F200DEE990 /* Main.storyboard */; };
		9C93048F1BFB65F200DEE990 /* Assets.xcassets in Resources */ = {isa = PBXBuildFile; fileRef = 9C93048E1BFB65F200DEE990 /* Assets.xcassets */; };
		9C9304921BFB65F200DEE990 /* LaunchScreen.storyboard in Resources */ = {isa = PBXBuildFile; fileRef = 9C9304901BFB65F200DEE990 /* LaunchScreen.storyboard */; };
		9C93049D1BFB65F200DEE990 /* AwareShpperv2Tests.swift in Sources */ = {isa = PBXBuildFile; fileRef = 9C93049C1BFB65F200DEE990 /* AwareShpperv2Tests.swift */; };
		9C9304A81BFB65F200DEE990 /* AwareShpperv2UITests.swift in Sources */ = {isa = PBXBuildFile; fileRef = 9C9304A71BFB65F200DEE990 /* AwareShpperv2UITests.swift */; };
/* End PBXBuildFile section */

/* Begin PBXContainerItemProxy section */
		9C9304991BFB65F200DEE990 /* PBXContainerItemProxy */ = {
			isa = PBXContainerItemProxy;
			containerPortal = 9C93047C1BFB65F100DEE990 /* Project object */;
			proxyType = 1;
			remoteGlobalIDString = 9C9304831BFB65F200DEE990;
			remoteInfo = AwareShpperv2;
		};
		9C9304A41BFB65F200DEE990 /* PBXContainerItemProxy */ = {
			isa = PBXContainerItemProxy;
			containerPortal = 9C93047C1BFB65F100DEE990 /* Project object */;
			proxyType = 1;
			remoteGlobalIDString = 9C9304831BFB65F200DEE990;
			remoteInfo = AwareShpperv2;
		};
/* End PBXContainerItemProxy section */

/* Begin PBXFileReference section */
		9C9304841BFB65F200DEE990 /* AwareShpperv2.app */ = {isa = PBXFileReference; explicitFileType = wrapper.application; includeInIndex = 0; path = AwareShpperv2.app; sourceTree = BUILT_PRODUCTS_DIR; };
		9C9304871BFB65F200DEE990 /* AppDelegate.swift */ = {isa = PBXFileReference; lastKnownFileType = sourcecode.swift; path = AppDelegate.swift; sourceTree = "<group>"; };
		9C9304891BFB65F200DEE990 /* ViewController.swift */ = {isa = PBXFileReference; lastKnownFileType = sourcecode.swift; path = ViewController.swift; sourceTree = "<group>"; };
		9C93048C1BFB65F200DEE990 /* Base */ = {isa = PBXFileReference; lastKnownFileType = file.storyboard; name = Base; path = Base.lproj/Main.storyboard; sourceTree = "<group>"; };
		9C93048E1BFB65F200DEE990 /* Assets.xcassets */ = {isa = PBXFileReference; lastKnownFileType = folder.assetcatalog; path = Assets.xcassets; sourceTree = "<group>"; };
		9C9304911BFB65F200DEE990 /* Base */ = {isa = PBXFileReference; lastKnownFileType = file.storyboard; name = Base; path = Base.lproj/LaunchScreen.storyboard; sourceTree = "<group>"; };
		9C9304931BFB65F200DEE990 /* Info.plist */ = {isa = PBXFileReference; lastKnownFileType = text.plist.xml; path = Info.plist; sourceTree = "<group>"; };
		9C9304981BFB65F200DEE990 /* AwareShpperv2Tests.xctest */ = {isa = PBXFileReference; explicitFileType = wrapper.cfbundle; includeInIndex = 0; path = AwareShpperv2Tests.xctest; sourceTree = BUILT_PRODUCTS_DIR; };
		9C93049C1BFB65F200DEE990 /* AwareShpperv2Tests.swift */ = {isa = PBXFileReference; lastKnownFileType = sourcecode.swift; path = AwareShpperv2Tests.swift; sourceTree = "<group>"; };
		9C93049E1BFB65F200DEE990 /* Info.plist */ = {isa = PBXFileReference; lastKnownFileType = text.plist.xml; path = Info.plist; sourceTree = "<group>"; };
		9C9304A31BFB65F200DEE990 /* AwareShpperv2UITests.xctest */ = {isa = PBXFileReference; explicitFileType = wrapper.cfbundle; includeInIndex = 0; path = AwareShpperv2UITests.xctest; sourceTree = BUILT_PRODUCTS_DIR; };
		9C9304A71BFB65F200DEE990 /* AwareShpperv2UITests.swift */ = {isa = PBXFileReference; lastKnownFileType = sourcecode.swift; path = AwareShpperv2UITests.swift; sourceTree = "<group>"; };
		9C9304A91BFB65F200DEE990 /* Info.plist */ = {isa = PBXFileReference; lastKnownFileType = text.plist.xml; path = Info.plist; sourceTree = "<group>"; };
/* End PBXFileReference section */

/* Begin PBXFrameworksBuildPhase section */
		9C9304811BFB65F200DEE990 /* Frameworks */ = {
			isa = PBXFrameworksBuildPhase;
			buildActionMask = 2147483647;
			files = (
			);
			runOnlyForDeploymentPostprocessing = 0;
		};
		9C9304951BFB65F200DEE990 /* Frameworks */ = {
			isa = PBXFrameworksBuildPhase;
			buildActionMask = 2147483647;
			files = (
			);
			runOnlyForDeploymentPostprocessing = 0;
		};
		9C9304A01BFB65F200DEE990 /* Frameworks */ = {
			isa = PBXFrameworksBuildPhase;
			buildActionMask = 2147483647;
			files = (
			);
			runOnlyForDeploymentPostprocessing = 0;
		};
/* End PBXFrameworksBuildPhase section */

/* Begin PBXGroup section */
		9C93047B1BFB65F100DEE990 = {
			isa = PBXGroup;
			children = (
				9C9304861BFB65F200DEE990 /* AwareShpperv2 */,
				9C93049B1BFB65F200DEE990 /* AwareShpperv2Tests */,
				9C9304A61BFB65F200DEE990 /* AwareShpperv2UITests */,
				9C9304851BFB65F200DEE990 /* Products */,
			);
			sourceTree = "<group>";
		};
		9C9304851BFB65F200DEE990 /* Products */ = {
			isa = PBXGroup;
			children = (
				9C9304841BFB65F200DEE990 /* AwareShpperv2.app */,
				9C9304981BFB65F200DEE990 /* AwareShpperv2Tests.xctest */,
				9C9304A31BFB65F200DEE990 /* AwareShpperv2UITests.xctest */,
			);
			name = Products;
			sourceTree = "<group>";
		};
		9C9304861BFB65F200DEE990 /* AwareShpperv2 */ = {
			isa = PBXGroup;
			children = (
				9C9304871BFB65F200DEE990 /* AppDelegate.swift */,
				9C9304891BFB65F200DEE990 /* ViewController.swift */,
				9C93048B1BFB65F200DEE990 /* Main.storyboard */,
				9C93048E1BFB65F200DEE990 /* Assets.xcassets */,
				9C9304901BFB65F200DEE990 /* LaunchScreen.storyboard */,
				9C9304931BFB65F200DEE990 /* Info.plist */,
			);
			path = AwareShpperv2;
			sourceTree = "<group>";
		};
		9C93049B1BFB65F200DEE990 /* AwareShpperv2Tests */ = {
			isa = PBXGroup;
			children = (
				9C93049C1BFB65F200DEE990 /* AwareShpperv2Tests.swift */,
				9C93049E1BFB65F200DEE990 /* Info.plist */,
			);
			path = AwareShpperv2Tests;
			sourceTree = "<group>";
		};
		9C9304A61BFB65F200DEE990 /* AwareShpperv2UITests */ = {
			isa = PBXGroup;
			children = (
				9C9304A71BFB65F200DEE990 /* AwareShpperv2UITests.swift */,
				9C9304A91BFB65F200DEE990 /* Info.plist */,
			);
			path = AwareShpperv2UITests;
			sourceTree = "<group>";
		};
/* End PBXGroup section */

/* Begin PBXNativeTarget section */
		9C9304831BFB65F200DEE990 /* AwareShpperv2 */ = {
			isa = PBXNativeTarget;
			buildConfigurationList = 9C9304AC1BFB65F200DEE990 /* Build configuration list for PBXNativeTarget "AwareShpperv2" */;
			buildPhases = (
				9C9304801BFB65F200DEE990 /* Sources */,
				9C9304811BFB65F200DEE990 /* Frameworks */,
				9C9304821BFB65F200DEE990 /* Resources */,
			);
			buildRules = (
			);
			dependencies = (
			);
			name = AwareShpperv2;
			productName = AwareShpperv2;
			productReference = 9C9304841BFB65F200DEE990 /* AwareShpperv2.app */;
			productType = "com.apple.product-type.application";
		};
		9C9304971BFB65F200DEE990 /* AwareShpperv2Tests */ = {
			isa = PBXNativeTarget;
			buildConfigurationList = 9C9304AF1BFB65F200DEE990 /* Build configuration list for PBXNativeTarget "AwareShpperv2Tests" */;
			buildPhases = (
				9C9304941BFB65F200DEE990 /* Sources */,
				9C9304951BFB65F200DEE990 /* Frameworks */,
				9C9304961BFB65F200DEE990 /* Resources */,
			);
			buildRules = (
			);
			dependencies = (
				9C93049A1BFB65F200DEE990 /* PBXTargetDependency */,
			);
			name = AwareShpperv2Tests;
			productName = AwareShpperv2Tests;
			productReference = 9C9304981BFB65F200DEE990 /* AwareShpperv2Tests.xctest */;
			productType = "com.apple.product-type.bundle.unit-test";
		};
		9C9304A21BFB65F200DEE990 /* AwareShpperv2UITests */ = {
			isa = PBXNativeTarget;
			buildConfigurationList = 9C9304B21BFB65F200DEE990 /* Build configuration list for PBXNativeTarget "AwareShpperv2UITests" */;
			buildPhases = (
				9C93049F1BFB65F200DEE990 /* Sources */,
				9C9304A01BFB65F200DEE990 /* Frameworks */,
				9C9304A11BFB65F200DEE990 /* Resources */,
			);
			buildRules = (
			);
			dependencies = (
				9C9304A51BFB65F200DEE990 /* PBXTargetDependency */,
			);
			name = AwareShpperv2UITests;
			productName = AwareShpperv2UITests;
			productReference = 9C9304A31BFB65F200DEE990 /* AwareShpperv2UITests.xctest */;
			productType = "com.apple.product-type.bundle.ui-testing";
		};
/* End PBXNativeTarget section */

/* Begin PBXProject section */
		9C93047C1BFB65F100DEE990 /* Project object */ = {
			isa = PBXProject;
			attributes = {
				LastSwiftUpdateCheck = 0710;
				LastUpgradeCheck = 0710;
				ORGANIZATIONNAME = "Umoru Joseph";
				TargetAttributes = {
					9C9304831BFB65F200DEE990 = {
						CreatedOnToolsVersion = 7.1;
					};
					9C9304971BFB65F200DEE990 = {
						CreatedOnToolsVersion = 7.1;
						TestTargetID = 9C9304831BFB65F200DEE990;
					};
					9C9304A21BFB65F200DEE990 = {
						CreatedOnToolsVersion = 7.1;
						TestTargetID = 9C9304831BFB65F200DEE990;
					};
				};
			};
			buildConfigurationList = 9C93047F1BFB65F100DEE990 /* Build configuration list for PBXProject "AwareShpperv2" */;
			compatibilityVersion = "Xcode 3.2";
			developmentRegion = English;
			hasScannedForEncodings = 0;
			knownRegions = (
				en,
				Base,
			);
			mainGroup = 9C93047B1BFB65F100DEE990;
			productRefGroup = 9C9304851BFB65F200DEE990 /* Products */;
			projectDirPath = "";
			projectRoot = "";
			targets = (
				9C9304831BFB65F200DEE990 /* AwareShpperv2 */,
				9C9304971BFB65F200DEE990 /* AwareShpperv2Tests */,
				9C9304A21BFB65F200DEE990 /* AwareShpperv2UITests */,
			);
		};
/* End PBXProject section */

/* Begin PBXResourcesBuildPhase section */
		9C9304821BFB65F200DEE990 /* Resources */ = {
			isa = PBXResourcesBuildPhase;
			buildActionMask = 2147483647;
			files = (
				9C9304921BFB65F200DEE990 /* LaunchScreen.storyboard in Resources */,
				9C93048F1BFB65F200DEE990 /* Assets.xcassets in Resources */,
				9C93048D1BFB65F200DEE990 /* Main.storyboard in Resources */,
			);
			runOnlyForDeploymentPostprocessing = 0;
		};
		9C9304961BFB65F200DEE990 /* Resources */ = {
			isa = PBXResourcesBuildPhase;
			buildActionMask = 2147483647;
			files = (
			);
			runOnlyForDeploymentPostprocessing = 0;
		};
		9C9304A11BFB65F200DEE990 /* Resources */ = {
			isa = PBXResourcesBuildPhase;
			buildActionMask = 2147483647;
			files = (
			);
			runOnlyForDeploymentPostprocessing = 0;
		};
/* End PBXResourcesBuildPhase section */

/* Begin PBXSourcesBuildPhase section */
		9C9304801BFB65F200DEE990 /* Sources */ = {
			isa = PBXSourcesBuildPhase;
			buildActionMask = 2147483647;
			files = (
				9C93048A1BFB65F200DEE990 /* ViewController.swift in Sources */,
				9C9304881BFB65F200DEE990 /* AppDelegate.swift in Sources */,
			);
			runOnlyForDeploymentPostprocessing = 0;
		};
		9C9304941BFB65F200DEE990 /* Sources */ = {
			isa = PBXSourcesBuildPhase;
			buildActionMask = 2147483647;
			files = (
				9C93049D1BFB65F200DEE990 /* AwareShpperv2Tests.swift in Sources */,
			);
			runOnlyForDeploymentPostprocessing = 0;
		};
		9C93049F1BFB65F200DEE990 /* Sources */ = {
			isa = PBXSourcesBuildPhase;
			buildActionMask = 2147483647;
			files = (
				9C9304A81BFB65F200DEE990 /* AwareShpperv2UITests.swift in Sources */,
			);
			runOnlyForDeploymentPostprocessing = 0;
		};
/* End PBXSourcesBuildPhase section */

/* Begin PBXTargetDependency section */
		9C93049A1BFB65F200DEE990 /* PBXTargetDependency */ = {
			isa = PBXTargetDependency;
			target = 9C9304831BFB65F200DEE990 /* AwareShpperv2 */;
			targetProxy = 9C9304991BFB65F200DEE990 /* PBXContainerItemProxy */;
		};
		9C9304A51BFB65F200DEE990 /* PBXTargetDependency */ = {
			isa = PBXTargetDependency;
			target = 9C9304831BFB65F200DEE990 /* AwareShpperv2 */;
			targetProxy = 9C9304A41BFB65F200DEE990 /* PBXContainerItemProxy */;
		};
/* End PBXTargetDependency section */

/* Begin PBXVariantGroup section */
		9C93048B1BFB65F200DEE990 /* Main.storyboard */ = {
			isa = PBXVariantGroup;
			children = (
				9C93048C1BFB65F200DEE990 /* Base */,
			);
			name = Main.storyboard;
			sourceTree = "<group>";
		};
		9C9304901BFB65F200DEE990 /* LaunchScreen.storyboard */ = {
			isa = PBXVariantGroup;
			children = (
				9C9304911BFB65F200DEE990 /* Base */,
			);
			name = LaunchScreen.storyboard;
			sourceTree = "<group>";
		};
/* End PBXVariantGroup section */

/* Begin XCBuildConfiguration section */
		9C9304AA1BFB65F200DEE990 /* Debug */ = {
			isa = XCBuildConfiguration;
			buildSettings = {
				ALWAYS_SEARCH_USER_PATHS = NO;
				CLANG_CXX_LANGUAGE_STANDARD = "gnu++0x";
				CLANG_CXX_LIBRARY = "libc++";
				CLANG_ENABLE_MODULES = YES;
				CLANG_ENABLE_OBJC_ARC = YES;
				CLANG_WARN_BOOL_CONVERSION = YES;
				CLANG_WARN_CONSTANT_CONVERSION = YES;
				CLANG_WARN_DIRECT_OBJC_ISA_USAGE = YES_ERROR;
				CLANG_WARN_EMPTY_BODY = YES;
				CLANG_WARN_ENUM_CONVERSION = YES;
				CLANG_WARN_INT_CONVERSION = YES;
				CLANG_WARN_OBJC_ROOT_CLASS = YES_ERROR;
				CLANG_WARN_UNREACHABLE_CODE = YES;
				CLANG_WARN__DUPLICATE_METHOD_MATCH = YES;
				"CODE_SIGN_IDENTITY[sdk=iphoneos*]" = "iPhone Developer";
				COPY_PHASE_STRIP = NO;
				DEBUG_INFORMATION_FORMAT = dwarf;
				ENABLE_STRICT_OBJC_MSGSEND = YES;
				ENABLE_TESTABILITY = YES;
				GCC_C_LANGUAGE_STANDARD = gnu99;
				GCC_DYNAMIC_NO_PIC = NO;
				GCC_NO_COMMON_BLOCKS = YES;
				GCC_OPTIMIZATION_LEVEL = 0;
				GCC_PREPROCESSOR_DEFINITIONS = (
					"DEBUG=1",
					"$(inherited)",
				);
				GCC_WARN_64_TO_32_BIT_CONVERSION = YES;
				GCC_WARN_ABOUT_RETURN_TYPE = YES_ERROR;
				GCC_WARN_UNDECLARED_SELECTOR = YES;
				GCC_WARN_UNINITIALIZED_AUTOS = YES_AGGRESSIVE;
				GCC_WARN_UNUSED_FUNCTION = YES;
				GCC_WARN_UNUSED_VARIABLE = YES;
				IPHONEOS_DEPLOYMENT_TARGET = 9.1;
				MTL_ENABLE_DEBUG_INFO = YES;
				ONLY_ACTIVE_ARCH = YES;
				SDKROOT = iphoneos;
				SWIFT_OPTIMIZATION_LEVEL = "-Onone";
				TARGETED_DEVICE_FAMILY = 2;
			};
			name = Debug;
		};
		9C9304AB1BFB65F200DEE990 /* Release */ = {
			isa = XCBuildConfiguration;
			buildSettings = {
				ALWAYS_SEARCH_USER_PATHS = NO;
				CLANG_CXX_LANGUAGE_STANDARD = "gnu++0x";
				CLANG_CXX_LIBRARY = "libc++";
				CLANG_ENABLE_MODULES = YES;
				CLANG_ENABLE_OBJC_ARC = YES;
				CLANG_WARN_BOOL_CONVERSION = YES;
				CLANG_WARN_CONSTANT_CONVERSION = YES;
				CLANG_WARN_DIRECT_OBJC_ISA_USAGE = YES_ERROR;
				CLANG_WARN_EMPTY_BODY = YES;
				CLANG_WARN_ENUM_CONVERSION = YES;
				CLANG_WARN_INT_CONVERSION = YES;
				CLANG_WARN_OBJC_ROOT_CLASS = YES_ERROR;
				CLANG_WARN_UNREACHABLE_CODE = YES;
				CLANG_WARN__DUPLICATE_METHOD_MATCH = YES;
				"CODE_SIGN_IDENTITY[sdk=iphoneos*]" = "iPhone Developer";
				COPY_PHASE_STRIP = NO;
				DEBUG_INFORMATION_FORMAT = "dwarf-with-dsym";
				ENABLE_NS_ASSERTIONS = NO;
				ENABLE_STRICT_OBJC_MSGSEND = YES;
				GCC_C_LANGUAGE_STANDARD = gnu99;
				GCC_NO_COMMON_BLOCKS = YES;
				GCC_WARN_64_TO_32_BIT_CONVERSION = YES;
				GCC_WARN_ABOUT_RETURN_TYPE = YES_ERROR;
				GCC_WARN_UNDECLARED_SELECTOR = YES;
				GCC_WARN_UNINITIALIZED_AUTOS = YES_AGGRESSIVE;
				GCC_WARN_UNUSED_FUNCTION = YES;
				GCC_WARN_UNUSED_VARIABLE = YES;
				IPHONEOS_DEPLOYMENT_TARGET = 9.1;
				MTL_ENABLE_DEBUG_INFO = NO;
				SDKROOT = iphoneos;
				TARGETED_DEVICE_FAMILY = 2;
				VALIDATE_PRODUCT = YES;
			};
			name = Release;
		};
		9C9304AD1BFB65F200DEE990 /* Debug */ = {
			isa = XCBuildConfiguration;
			buildSettings = {
				ASSETCATALOG_COMPILER_APPICON_NAME = AppIcon;
				INFOPLIST_FILE = AwareShpperv2/Info.plist;
				LD_RUNPATH_SEARCH_PATHS = "$(inherited) @executable_path/Frameworks";
				PRODUCT_BUNDLE_IDENTIFIER = net.umorujoseph.AwareShpperv2;
				PRODUCT_NAME = "$(TARGET_NAME)";
			};
			name = Debug;
		};
		9C9304AE1BFB65F200DEE990 /* Release */ = {
			isa = XCBuildConfiguration;
			buildSettings = {
				ASSETCATALOG_COMPILER_APPICON_NAME = AppIcon;
				INFOPLIST_FILE = AwareShpperv2/Info.plist;
				LD_RUNPATH_SEARCH_PATHS = "$(inherited) @executable_path/Frameworks";
				PRODUCT_BUNDLE_IDENTIFIER = net.umorujoseph.AwareShpperv2;
				PRODUCT_NAME = "$(TARGET_NAME)";
			};
			name = Release;
		};
		9C9304B01BFB65F200DEE990 /* Debug */ = {
			isa = XCBuildConfiguration;
			buildSettings = {
				BUNDLE_LOADER = "$(TEST_HOST)";
				INFOPLIST_FILE = AwareShpperv2Tests/Info.plist;
				LD_RUNPATH_SEARCH_PATHS = "$(inherited) @executable_path/Frameworks @loader_path/Frameworks";
				PRODUCT_BUNDLE_IDENTIFIER = net.umorujoseph.AwareShpperv2Tests;
				PRODUCT_NAME = "$(TARGET_NAME)";
				TEST_HOST = "$(BUILT_PRODUCTS_DIR)/AwareShpperv2.app/AwareShpperv2";
			};
			name = Debug;
		};
		9C9304B11BFB65F200DEE990 /* Release */ = {
			isa = XCBuildConfiguration;
			buildSettings = {
				BUNDLE_LOADER = "$(TEST_HOST)";
				INFOPLIST_FILE = AwareShpperv2Tests/Info.plist;
				LD_RUNPATH_SEARCH_PATHS = "$(inherited) @executable_path/Frameworks @loader_path/Frameworks";
				PRODUCT_BUNDLE_IDENTIFIER = net.umorujoseph.AwareShpperv2Tests;
				PRODUCT_NAME = "$(TARGET_NAME)";
				TEST_HOST = "$(BUILT_PRODUCTS_DIR)/AwareShpperv2.app/AwareShpperv2";
			};
			name = Release;
		};
		9C9304B31BFB65F200DEE990 /* Debug */ = {
			isa = XCBuildConfiguration;
			buildSettings = {
				INFOPLIST_FILE = AwareShpperv2UITests/Info.plist;
				LD_RUNPATH_SEARCH_PATHS = "$(inherited) @executable_path/Frameworks @loader_path/Frameworks";
				PRODUCT_BUNDLE_IDENTIFIER = net.umorujoseph.AwareShpperv2UITests;
				PRODUCT_NAME = "$(TARGET_NAME)";
				TEST_TARGET_NAME = AwareShpperv2;
				USES_XCTRUNNER = YES;
			};
			name = Debug;
		};
		9C9304B41BFB65F200DEE990 /* Release */ = {
			isa = XCBuildConfiguration;
			buildSettings = {
				INFOPLIST_FILE = AwareShpperv2UITests/Info.plist;
				LD_RUNPATH_SEARCH_PATHS = "$(inherited) @executable_path/Frameworks @loader_path/Frameworks";
				PRODUCT_BUNDLE_IDENTIFIER = net.umorujoseph.AwareShpperv2UITests;
				PRODUCT_NAME = "$(TARGET_NAME)";
				TEST_TARGET_NAME = AwareShpperv2;
				USES_XCTRUNNER = YES;
			};
			name = Release;
		};
/* End XCBuildConfiguration section */

/* Begin XCConfigurationList section */
		9C93047F1BFB65F100DEE990 /* Build configuration list for PBXProject "AwareShpperv2" */ = {
			isa = XCConfigurationList;
			buildConfigurations = (
				9C9304AA1BFB65F200DEE990 /* Debug */,
				9C9304AB1BFB65F200DEE990 /* Release */,
			);
			defaultConfigurationIsVisible = 0;
			defaultConfigurationName = Release;
		};
		9C9304AC1BFB65F200DEE990 /* Build configuration list for PBXNativeTarget "AwareShpperv2" */ = {
			isa = XCConfigurationList;
			buildConfigurations = (
				9C9304AD1BFB65F200DEE990 /* Debug */,
				9C9304AE1BFB65F200DEE990 /* Release */,
			);
			defaultConfigurationIsVisible = 0;
		};
		9C9304AF1BFB65F200DEE990 /* Build configuration list for PBXNativeTarget "AwareShpperv2Tests" */ = {
			isa = XCConfigurationList;
			buildConfigurations = (
				9C9304B01BFB65F200DEE990 /* Debug */,
				9C9304B11BFB65F200DEE990 /* Release */,
			);
			defaultConfigurationIsVisible = 0;
		};
		9C9304B21BFB65F200DEE990 /* Build configuration list for PBXNativeTarget "AwareShpperv2UITests" */ = {
			isa = XCConfigurationList;
			buildConfigurations = (
				9C9304B31BFB65F200DEE990 /* Debug */,
				9C9304B41BFB65F200DEE990 /* Release */,
			);
			defaultConfigurationIsVisible = 0;
		};
/* End XCConfigurationList section */
	};
	rootObject = 9C93047C1BFB65F100DEE990 /* Project object */;
}
